{
  "name": "MXCUBE3",
  "version": "3.0.x",
  "dependencies": {
    "@allenfang/react-toastr": {
      "version": "2.8.2",
      "from": "@allenfang/react-toastr@2.8.2",
      "resolved": "https://registry.npmjs.org/@allenfang/react-toastr/-/react-toastr-2.8.2.tgz",
      "dependencies": {
        "react": {
          "version": "15.3.2",
          "from": "react@15.3.2",
          "resolved": "https://registry.npmjs.org/react/-/react-15.3.2.tgz"
        },
        "react-dom": {
          "version": "15.3.2",
          "from": "react-dom@15.3.2",
          "resolved": "https://registry.npmjs.org/react-dom/-/react-dom-15.3.2.tgz"
        }
      }
    },
    "after": {
      "version": "0.8.2",
      "from": "after@0.8.2",
      "resolved": "https://registry.npmjs.org/after/-/after-0.8.2.tgz"
    },
    "arraybuffer.slice": {
      "version": "0.0.6",
      "from": "arraybuffer.slice@0.0.6",
      "resolved": "https://registry.npmjs.org/arraybuffer.slice/-/arraybuffer.slice-0.0.6.tgz"
    },
    "asap": {
      "version": "2.0.6",
      "from": "asap@2.0.6",
      "resolved": "https://registry.npmjs.org/asap/-/asap-2.0.6.tgz"
    },
    "babel-runtime": {
      "version": "6.26.0",
      "from": "babel-runtime@6.26.0",
      "resolved": "https://registry.npmjs.org/babel-runtime/-/babel-runtime-6.26.0.tgz",
      "dependencies": {
        "core-js": {
          "version": "2.5.3",
          "from": "core-js@2.5.3",
          "resolved": "https://registry.npmjs.org/core-js/-/core-js-2.5.3.tgz"
        }
      }
    },
    "backo2": {
      "version": "1.0.2",
      "from": "backo2@1.0.2",
      "resolved": "https://registry.npmjs.org/backo2/-/backo2-1.0.2.tgz"
    },
    "base64-arraybuffer": {
      "version": "0.1.5",
      "from": "base64-arraybuffer@0.1.5",
      "resolved": "https://registry.npmjs.org/base64-arraybuffer/-/base64-arraybuffer-0.1.5.tgz"
    },
    "better-assert": {
      "version": "1.0.2",
      "from": "better-assert@1.0.2",
      "resolved": "https://registry.npmjs.org/better-assert/-/better-assert-1.0.2.tgz"
    },
    "blob": {
      "version": "0.0.4",
      "from": "blob@0.0.4",
      "resolved": "https://registry.npmjs.org/blob/-/blob-0.0.4.tgz"
    },
    "bootstrap": {
      "version": "3.3.5",
      "from": "bootstrap@3.3.5",
      "resolved": "https://registry.npmjs.org/bootstrap/-/bootstrap-3.3.5.tgz"
    },
    "callsite": {
      "version": "1.0.0",
      "from": "callsite@1.0.0",
      "resolved": "https://registry.npmjs.org/callsite/-/callsite-1.0.0.tgz"
    },
    "classnames": {
      "version": "2.2.5",
      "from": "classnames@2.2.5",
      "resolved": "https://registry.npmjs.org/classnames/-/classnames-2.2.5.tgz"
    },
    "clipboard": {
      "version": "1.7.1",
      "from": "clipboard@1.7.1",
      "resolved": "https://registry.npmjs.org/clipboard/-/clipboard-1.7.1.tgz"
    },
    "co": {
      "version": "4.6.0",
      "from": "co@4.6.0",
      "resolved": "https://registry.npmjs.org/co/-/co-4.6.0.tgz"
    },
    "component-bind": {
      "version": "1.0.0",
      "from": "component-bind@1.0.0",
      "resolved": "https://registry.npmjs.org/component-bind/-/component-bind-1.0.0.tgz"
    },
    "component-emitter": {
      "version": "1.2.1",
      "from": "component-emitter@1.2.1",
      "resolved": "https://registry.npmjs.org/component-emitter/-/component-emitter-1.2.1.tgz"
    },
    "component-inherit": {
      "version": "0.0.3",
      "from": "component-inherit@0.0.3",
      "resolved": "https://registry.npmjs.org/component-inherit/-/component-inherit-0.0.3.tgz"
    },
    "core-js": {
      "version": "1.2.7",
      "from": "core-js@1.2.7",
      "resolved": "https://registry.npmjs.org/core-js/-/core-js-1.2.7.tgz"
    },
    "create-react-class": {
      "version": "15.6.2",
      "from": "create-react-class@15.6.2",
      "resolved": "https://registry.npmjs.org/create-react-class/-/create-react-class-15.6.2.tgz"
    },
    "debug": {
      "version": "2.3.3",
      "from": "debug@2.3.3",
      "resolved": "https://registry.npmjs.org/debug/-/debug-2.3.3.tgz"
    },
    "deep-diff": {
      "version": "0.3.4",
      "from": "deep-diff@0.3.4",
      "resolved": "https://registry.npmjs.org/deep-diff/-/deep-diff-0.3.4.tgz"
    },
    "deep-equal": {
      "version": "1.0.1",
      "from": "deep-equal@1.0.1",
      "resolved": "https://registry.npmjs.org/deep-equal/-/deep-equal-1.0.1.tgz"
    },
    "delegate": {
      "version": "3.2.0",
      "from": "delegate@3.2.0",
      "resolved": "https://registry.npmjs.org/delegate/-/delegate-3.2.0.tgz"
    },
    "disposables": {
      "version": "1.0.2",
      "from": "disposables@1.0.2",
      "resolved": "https://registry.npmjs.org/disposables/-/disposables-1.0.2.tgz"
    },
    "dnd-core": {
      "version": "2.5.4",
      "from": "dnd-core@2.5.4",
      "resolved": "https://registry.npmjs.org/dnd-core/-/dnd-core-2.5.4.tgz"
    },
    "dom-helpers": {
      "version": "3.3.1",
      "from": "dom-helpers@3.3.1",
      "resolved": "https://registry.npmjs.org/dom-helpers/-/dom-helpers-3.3.1.tgz"
    },
    "dygraphs": {
      "version": "2.1.0",
      "from": "dygraphs@2.1.0",
      "resolved": "https://registry.npmjs.org/dygraphs/-/dygraphs-2.1.0.tgz"
    },
    "element-class": {
      "version": "0.2.2",
      "from": "element-class@0.2.2",
      "resolved": "https://registry.npmjs.org/element-class/-/element-class-0.2.2.tgz"
    },
    "encoding": {
      "version": "0.1.12",
      "from": "encoding@0.1.12",
      "resolved": "https://registry.npmjs.org/encoding/-/encoding-0.1.12.tgz"
    },
    "engine.io-client": {
      "version": "1.8.5",
      "from": "engine.io-client@1.8.5",
      "resolved": "https://registry.npmjs.org/engine.io-client/-/engine.io-client-1.8.5.tgz"
    },
    "engine.io-parser": {
      "version": "1.3.2",
      "from": "engine.io-parser@1.3.2",
      "resolved": "https://registry.npmjs.org/engine.io-parser/-/engine.io-parser-1.3.2.tgz"
    },
    "enquire.js": {
      "version": "2.1.6",
      "from": "enquire.js@2.1.6",
      "resolved": "https://registry.npmjs.org/enquire.js/-/enquire.js-2.1.6.tgz"
    },
    "es6-error": {
      "version": "4.1.1",
      "from": "es6-error@4.1.1",
      "resolved": "https://registry.npmjs.org/es6-error/-/es6-error-4.1.1.tgz"
    },
    "ev-emitter": {
      "version": "1.1.1",
      "from": "ev-emitter@1.1.1",
      "resolved": "https://registry.npmjs.org/ev-emitter/-/ev-emitter-1.1.1.tgz"
    },
    "everpolate": {
      "version": "0.0.3",
      "from": "everpolate@0.0.3",
      "resolved": "https://registry.npmjs.org/everpolate/-/everpolate-0.0.3.tgz"
    },
    "exenv": {
      "version": "1.2.0",
      "from": "exenv@1.2.0",
      "resolved": "https://registry.npmjs.org/exenv/-/exenv-1.2.0.tgz"
    },
    "fabric": {
      "version": "1.7.22",
      "from": "fabric@1.7.22",
      "resolved": "https://registry.npmjs.org/fabric/-/fabric-1.7.22.tgz"
    },
    "fbjs": {
      "version": "0.8.16",
      "from": "fbjs@0.8.16",
      "resolved": "https://registry.npmjs.org/fbjs/-/fbjs-0.8.16.tgz"
    },
    "font-awesome": {
      "version": "4.7.0",
      "from": "font-awesome@4.7.0",
      "resolved": "https://registry.npmjs.org/font-awesome/-/font-awesome-4.7.0.tgz"
    },
    "good-listener": {
      "version": "1.2.2",
      "from": "good-listener@1.2.2",
      "resolved": "https://registry.npmjs.org/good-listener/-/good-listener-1.2.2.tgz"
    },
    "has-binary": {
      "version": "0.1.7",
      "from": "has-binary@0.1.7",
      "resolved": "https://registry.npmjs.org/has-binary/-/has-binary-0.1.7.tgz",
      "dependencies": {
        "isarray": {
          "version": "0.0.1",
          "from": "isarray@0.0.1",
          "resolved": "https://registry.npmjs.org/isarray/-/isarray-0.0.1.tgz"
        }
      }
    },
    "has-cors": {
      "version": "1.1.0",
      "from": "has-cors@1.1.0",
      "resolved": "https://registry.npmjs.org/has-cors/-/has-cors-1.1.0.tgz"
    },
    "history": {
      "version": "1.17.0",
      "from": "history@1.17.0",
      "resolved": "https://registry.npmjs.org/history/-/history-1.17.0.tgz"
    },
    "hoist-non-react-statics": {
      "version": "1.2.0",
      "from": "hoist-non-react-statics@1.2.0",
      "resolved": "https://registry.npmjs.org/hoist-non-react-statics/-/hoist-non-react-statics-1.2.0.tgz"
    },
    "iconv-lite": {
      "version": "0.4.19",
      "from": "iconv-lite@0.4.19",
      "resolved": "https://registry.npmjs.org/iconv-lite/-/iconv-lite-0.4.19.tgz"
    },
    "imagesloaded": {
      "version": "4.1.4",
      "from": "imagesloaded@4.1.4",
      "resolved": "https://registry.npmjs.org/imagesloaded/-/imagesloaded-4.1.4.tgz"
    },
    "indexof": {
      "version": "0.0.1",
      "from": "indexof@0.0.1",
      "resolved": "https://registry.npmjs.org/indexof/-/indexof-0.0.1.tgz"
    },
    "invariant": {
      "version": "2.2.2",
      "from": "invariant@2.2.2",
      "resolved": "https://registry.npmjs.org/invariant/-/invariant-2.2.2.tgz"
    },
    "is-promise": {
      "version": "2.1.0",
      "from": "is-promise@2.1.0",
      "resolved": "https://registry.npmjs.org/is-promise/-/is-promise-2.1.0.tgz"
    },
    "is-stream": {
      "version": "1.1.0",
      "from": "is-stream@1.1.0",
      "resolved": "https://registry.npmjs.org/is-stream/-/is-stream-1.1.0.tgz"
    },
    "isomorphic-fetch": {
      "version": "2.2.1",
      "from": "isomorphic-fetch@2.2.1",
      "resolved": "https://registry.npmjs.org/isomorphic-fetch/-/isomorphic-fetch-2.2.1.tgz"
    },
    "js-tokens": {
      "version": "3.0.2",
      "from": "js-tokens@3.0.2",
      "resolved": "https://registry.npmjs.org/js-tokens/-/js-tokens-3.0.2.tgz"
    },
    "jsmpeg": {
      "version": "1.0.0",
      "from": "jsmpeg@1.0.0",
      "resolved": "https://registry.npmjs.org/jsmpeg/-/jsmpeg-1.0.0.tgz"
    },
    "json-stable-stringify": {
      "version": "1.0.1",
      "from": "json-stable-stringify@1.0.1",
      "resolved": "https://registry.npmjs.org/json-stable-stringify/-/json-stable-stringify-1.0.1.tgz"
    },
    "json-stringify-safe": {
      "version": "5.0.1",
      "from": "json-stringify-safe@5.0.1",
      "resolved": "https://registry.npmjs.org/json-stringify-safe/-/json-stringify-safe-5.0.1.tgz"
    },
    "json3": {
      "version": "3.3.2",
      "from": "json3@3.3.2",
      "resolved": "https://registry.npmjs.org/json3/-/json3-3.3.2.tgz"
    },
    "jsonify": {
      "version": "0.0.0",
      "from": "jsonify@0.0.0",
      "resolved": "https://registry.npmjs.org/jsonify/-/jsonify-0.0.0.tgz"
    },
    "keycode": {
      "version": "2.1.9",
      "from": "keycode@2.1.9",
      "resolved": "https://registry.npmjs.org/keycode/-/keycode-2.1.9.tgz"
    },
    "liform-react": {
      "version": "0.5.15",
      "from": "liform-react@0.5.15",
      "resolved": "https://registry.npmjs.org/liform-react/-/liform-react-0.5.15.tgz",
      "dependencies": {
        "ajv": {
          "version": "4.11.8",
          "from": "ajv@4.11.8",
          "resolved": "https://registry.npmjs.org/ajv/-/ajv-4.11.8.tgz"
        }
      }
    },
    "lodash": {
      "version": "4.17.4",
      "from": "lodash@4.17.4",
      "resolved": "https://registry.npmjs.org/lodash/-/lodash-4.17.4.tgz"
    },
    "lodash-es": {
      "version": "4.17.4",
      "from": "lodash-es@4.17.4",
      "resolved": "https://registry.npmjs.org/lodash-es/-/lodash-es-4.17.4.tgz"
    },
    "lodash.assign": {
      "version": "4.2.0",
      "from": "lodash.assign@4.2.0",
      "resolved": "https://registry.npmjs.org/lodash.assign/-/lodash.assign-4.2.0.tgz"
    },
    "lodash.debounce": {
      "version": "4.0.8",
      "from": "lodash.debounce@4.0.8",
      "resolved": "https://registry.npmjs.org/lodash.debounce/-/lodash.debounce-4.0.8.tgz"
    },
    "lodash.difference": {
      "version": "4.5.0",
      "from": "lodash.difference@4.5.0",
      "resolved": "https://registry.npmjs.org/lodash.difference/-/lodash.difference-4.5.0.tgz"
    },
    "lodash.keyby": {
      "version": "4.6.0",
      "from": "lodash.keyby@4.6.0",
      "resolved": "https://registry.npmjs.org/lodash.keyby/-/lodash.keyby-4.6.0.tgz"
    },
    "lodash.omit": {
      "version": "4.5.0",
      "from": "lodash.omit@4.5.0",
      "resolved": "https://registry.npmjs.org/lodash.omit/-/lodash.omit-4.5.0.tgz"
    },
    "lodash.partition": {
      "version": "4.6.0",
      "from": "lodash.partition@4.6.0",
      "resolved": "https://registry.npmjs.org/lodash.partition/-/lodash.partition-4.6.0.tgz"
    },
    "loose-envify": {
      "version": "1.3.1",
      "from": "loose-envify@1.3.1",
      "resolved": "https://registry.npmjs.org/loose-envify/-/loose-envify-1.3.1.tgz"
    },
    "ms": {
      "version": "0.7.2",
      "from": "ms@0.7.2",
      "resolved": "https://registry.npmjs.org/ms/-/ms-0.7.2.tgz"
    },
    "node-fetch": {
      "version": "1.7.3",
      "from": "node-fetch@1.7.3",
      "resolved": "https://registry.npmjs.org/node-fetch/-/node-fetch-1.7.3.tgz"
    },
    "object-assign": {
      "version": "4.1.1",
      "from": "object-assign@4.1.1",
      "resolved": "https://registry.npmjs.org/object-assign/-/object-assign-4.1.1.tgz"
    },
    "object-component": {
      "version": "0.0.3",
      "from": "object-component@0.0.3",
      "resolved": "https://registry.npmjs.org/object-component/-/object-component-0.0.3.tgz"
    },
    "options": {
      "version": "0.0.6",
      "from": "options@0.0.6",
      "resolved": "https://registry.npmjs.org/options/-/options-0.0.6.tgz"
    },
    "parsejson": {
      "version": "0.0.3",
      "from": "parsejson@0.0.3",
      "resolved": "https://registry.npmjs.org/parsejson/-/parsejson-0.0.3.tgz"
    },
    "parseqs": {
      "version": "0.0.5",
      "from": "parseqs@0.0.5",
      "resolved": "https://registry.npmjs.org/parseqs/-/parseqs-0.0.5.tgz"
    },
    "parseuri": {
      "version": "0.0.5",
      "from": "parseuri@0.0.5",
      "resolved": "https://registry.npmjs.org/parseuri/-/parseuri-0.0.5.tgz"
    },
    "performance-now": {
      "version": "2.1.0",
      "from": "performance-now@2.1.0",
      "resolved": "https://registry.npmjs.org/performance-now/-/performance-now-2.1.0.tgz"
    },
    "promise": {
      "version": "7.3.1",
      "from": "promise@7.3.1",
      "resolved": "https://registry.npmjs.org/promise/-/promise-7.3.1.tgz"
    },
    "prop-types": {
      "version": "15.6.0",
      "from": "prop-types@15.6.0",
      "resolved": "https://registry.npmjs.org/prop-types/-/prop-types-15.6.0.tgz"
    },
    "query-string": {
      "version": "3.0.3",
      "from": "query-string@3.0.3",
      "resolved": "https://registry.npmjs.org/query-string/-/query-string-3.0.3.tgz"
    },
    "raf": {
      "version": "3.4.0",
      "from": "raf@3.4.0",
      "resolved": "https://registry.npmjs.org/raf/-/raf-3.4.0.tgz"
    },
    "react": {
      "version": "15.6.1",
      "from": "react@15.6.1",
      "resolved": "https://registry.npmjs.org/react/-/react-15.6.1.tgz"
    },
    "react-addons-update": {
      "version": "15.3.2",
      "from": "react-addons-update@15.3.2",
      "resolved": "https://registry.npmjs.org/react-addons-update/-/react-addons-update-15.3.2.tgz"
    },
    "react-bootstrap": {
      "version": "0.30.10",
      "from": "react-bootstrap@0.30.10",
      "resolved": "https://registry.npmjs.org/react-bootstrap/-/react-bootstrap-0.30.10.tgz",
      "dependencies": {
        "warning": {
          "version": "3.0.0",
          "from": "warning@3.0.0",
          "resolved": "https://registry.npmjs.org/warning/-/warning-3.0.0.tgz"
        }
      }
    },
    "react-bootstrap-table": {
      "version": "3.5.1",
      "from": "react-bootstrap-table@3.5.1",
      "resolved": "https://registry.npmjs.org/react-bootstrap-table/-/react-bootstrap-table-3.5.1.tgz"
    },
    "react-clipboard.js": {
      "version": "1.1.3",
      "from": "react-clipboard.js@1.1.3",
      "resolved": "https://registry.npmjs.org/react-clipboard.js/-/react-clipboard.js-1.1.3.tgz"
    },
    "react-contextmenu": {
      "version": "2.9.2",
      "from": "react-contextmenu@2.9.2",
      "resolved": "https://registry.npmjs.org/react-contextmenu/-/react-contextmenu-2.9.2.tgz"
    },
    "react-dnd": {
      "version": "2.5.4",
      "from": "react-dnd@2.5.4",
      "resolved": "https://registry.npmjs.org/react-dnd/-/react-dnd-2.5.4.tgz",
      "dependencies": {
        "hoist-non-react-statics": {
          "version": "2.3.1",
          "from": "hoist-non-react-statics@2.3.1",
          "resolved": "https://registry.npmjs.org/hoist-non-react-statics/-/hoist-non-react-statics-2.3.1.tgz"
        }
      }
    },
    "react-dnd-html5-backend": {
      "version": "2.5.4",
      "from": "react-dnd-html5-backend@2.5.4",
      "resolved": "https://registry.npmjs.org/react-dnd-html5-backend/-/react-dnd-html5-backend-2.5.4.tgz"
    },
    "react-dom": {
      "version": "15.4.2",
      "from": "react-dom@15.4.2",
      "resolved": "https://registry.npmjs.org/react-dom/-/react-dom-15.4.2.tgz"
    },
    "react-dom-factories": {
      "version": "1.0.2",
      "from": "react-dom-factories@1.0.2",
      "resolved": "https://registry.npmjs.org/react-dom-factories/-/react-dom-factories-1.0.2.tgz"
    },
    "react-draggable": {
      "version": "2.2.6",
      "from": "react-draggable@2.2.6",
      "resolved": "https://registry.npmjs.org/react-draggable/-/react-draggable-2.2.6.tgz"
    },
    "react-modal": {
      "version": "1.9.7",
      "from": "react-modal@1.9.7",
      "resolved": "https://registry.npmjs.org/react-modal/-/react-modal-1.9.7.tgz"
    },
    "react-motion": {
      "version": "0.5.2",
      "from": "react-motion@0.5.2",
      "resolved": "https://registry.npmjs.org/react-motion/-/react-motion-0.5.2.tgz",
      "dependencies": {
        "performance-now": {
          "version": "0.2.0",
          "from": "performance-now@0.2.0",
          "resolved": "https://registry.npmjs.org/performance-now/-/performance-now-0.2.0.tgz"
        }
      }
    },
    "react-overlays": {
      "version": "0.6.12",
      "from": "react-overlays@0.6.12",
      "resolved": "https://registry.npmjs.org/react-overlays/-/react-overlays-0.6.12.tgz",
      "dependencies": {
        "warning": {
          "version": "3.0.0",
          "from": "warning@3.0.0",
          "resolved": "https://registry.npmjs.org/warning/-/warning-3.0.0.tgz"
        }
      }
    },
    "react-prop-types": {
      "version": "0.4.0",
      "from": "react-prop-types@0.4.0",
      "resolved": "https://registry.npmjs.org/react-prop-types/-/react-prop-types-0.4.0.tgz",
      "dependencies": {
        "warning": {
          "version": "3.0.0",
          "from": "warning@3.0.0",
          "resolved": "https://registry.npmjs.org/warning/-/warning-3.0.0.tgz"
        }
      }
    },
    "react-redux": {
      "version": "5.0.6",
      "from": "react-redux@5.0.6",
      "resolved": "https://registry.npmjs.org/react-redux/-/react-redux-5.0.6.tgz",
      "dependencies": {
        "hoist-non-react-statics": {
          "version": "2.3.1",
          "from": "hoist-non-react-statics@2.3.1",
          "resolved": "https://registry.npmjs.org/hoist-non-react-statics/-/hoist-non-react-statics-2.3.1.tgz"
        }
      }
    },
    "react-router": {
      "version": "3.2.0",
      "from": "react-router@3.2.0",
      "resolved": "https://registry.npmjs.org/react-router/-/react-router-3.2.0.tgz",
      "dependencies": {
        "history": {
          "version": "3.3.0",
          "from": "history@3.3.0",
          "resolved": "https://registry.npmjs.org/history/-/history-3.3.0.tgz"
        },
        "query-string": {
          "version": "4.3.4",
          "from": "query-string@4.3.4",
          "resolved": "https://registry.npmjs.org/query-string/-/query-string-4.3.4.tgz"
        },
        "warning": {
          "version": "3.0.0",
          "from": "warning@3.0.0",
          "resolved": "https://registry.npmjs.org/warning/-/warning-3.0.0.tgz"
        }
      }
    },
    "react-router-bootstrap": {
      "version": "0.23.3",
      "from": "react-router-bootstrap@0.23.3",
      "resolved": "https://registry.npmjs.org/react-router-bootstrap/-/react-router-bootstrap-0.23.3.tgz"
    },
    "react-sticky": {
      "version": "5.0.8",
      "from": "react-sticky@5.0.8",
      "resolved": "https://registry.npmjs.org/react-sticky/-/react-sticky-5.0.8.tgz"
    },
    "react-stonecutter": {
      "version": "0.3.9",
      "from": "react-stonecutter@0.3.9",
      "resolved": "https://registry.npmjs.org/react-stonecutter/-/react-stonecutter-0.3.9.tgz"
    },
    "react-transition-group-plus": {
      "version": "0.5.2",
      "from": "react-transition-group-plus@0.5.2",
      "resolved": "https://registry.npmjs.org/react-transition-group-plus/-/react-transition-group-plus-0.5.2.tgz"
    },
    "redux": {
      "version": "3.7.2",
      "from": "redux@3.7.2",
      "resolved": "https://registry.npmjs.org/redux/-/redux-3.7.2.tgz"
    },
    "redux-form": {
      "version": "6.8.0",
      "from": "redux-form@6.8.0",
      "resolved": "https://registry.npmjs.org/redux-form/-/redux-form-6.8.0.tgz"
    },
    "redux-logger": {
      "version": "2.10.2",
      "from": "redux-logger@2.10.2",
      "resolved": "https://registry.npmjs.org/redux-logger/-/redux-logger-2.10.2.tgz"
    },
    "redux-persist": {
      "version": "3.5.0",
      "from": "redux-persist@3.5.0",
      "resolved": "https://registry.npmjs.org/redux-persist/-/redux-persist-3.5.0.tgz"
    },
    "redux-persist-crosstab": {
      "version": "3.7.0",
      "from": "redux-persist-crosstab@3.7.0",
      "resolved": "https://registry.npmjs.org/redux-persist-crosstab/-/redux-persist-crosstab-3.7.0.tgz"
    },
    "redux-thunk": {
      "version": "2.2.0",
      "from": "redux-thunk@2.2.0",
      "resolved": "https://registry.npmjs.org/redux-thunk/-/redux-thunk-2.2.0.tgz"
    },
    "regenerator-runtime": {
      "version": "0.11.1",
      "from": "regenerator-runtime@0.11.1",
      "resolved": "https://registry.npmjs.org/regenerator-runtime/-/regenerator-runtime-0.11.1.tgz"
    },
    "select": {
      "version": "1.1.2",
      "from": "select@1.1.2",
      "resolved": "https://registry.npmjs.org/select/-/select-1.1.2.tgz"
    },
    "setimmediate": {
      "version": "1.0.5",
      "from": "setimmediate@1.0.5",
      "resolved": "https://registry.npmjs.org/setimmediate/-/setimmediate-1.0.5.tgz"
    },
    "shallowequal": {
      "version": "1.0.2",
      "from": "shallowequal@1.0.2",
      "resolved": "https://registry.npmjs.org/shallowequal/-/shallowequal-1.0.2.tgz"
    },
    "shortid": {
      "version": "2.2.8",
      "from": "shortid@2.2.8",
      "resolved": "https://registry.npmjs.org/shortid/-/shortid-2.2.8.tgz"
    },
    "socket.io-client": {
      "version": "1.7.4",
      "from": "socket.io-client@1.7.4",
      "resolved": "https://registry.npmjs.org/socket.io-client/-/socket.io-client-1.7.4.tgz"
    },
    "socket.io-parser": {
      "version": "2.3.1",
      "from": "socket.io-parser@2.3.1",
      "resolved": "https://registry.npmjs.org/socket.io-parser/-/socket.io-parser-2.3.1.tgz",
      "dependencies": {
        "component-emitter": {
          "version": "1.1.2",
          "from": "component-emitter@1.1.2",
          "resolved": "https://registry.npmjs.org/component-emitter/-/component-emitter-1.1.2.tgz"
        },
        "debug": {
          "version": "2.2.0",
          "from": "debug@2.2.0",
          "resolved": "https://registry.npmjs.org/debug/-/debug-2.2.0.tgz"
        },
        "isarray": {
          "version": "0.0.1",
          "from": "isarray@0.0.1",
          "resolved": "https://registry.npmjs.org/isarray/-/isarray-0.0.1.tgz"
        },
        "ms": {
          "version": "0.7.1",
          "from": "ms@0.7.1",
          "resolved": "https://registry.npmjs.org/ms/-/ms-0.7.1.tgz"
        }
      }
    },
    "strict-uri-encode": {
      "version": "1.1.0",
      "from": "strict-uri-encode@1.1.0",
      "resolved": "https://registry.npmjs.org/strict-uri-encode/-/strict-uri-encode-1.1.0.tgz"
    },
    "symbol-observable": {
      "version": "1.1.0",
      "from": "symbol-observable@1.1.0",
      "resolved": "https://registry.npmjs.org/symbol-observable/-/symbol-observable-1.1.0.tgz"
    },
    "tiny-emitter": {
      "version": "2.0.2",
      "from": "tiny-emitter@2.0.2",
      "resolved": "https://registry.npmjs.org/tiny-emitter/-/tiny-emitter-2.0.2.tgz"
    },
    "to-array": {
      "version": "0.1.4",
      "from": "to-array@0.1.4",
      "resolved": "https://registry.npmjs.org/to-array/-/to-array-0.1.4.tgz"
    },
    "ua-parser-js": {
      "version": "0.7.17",
      "from": "ua-parser-js@0.7.17",
      "resolved": "https://registry.npmjs.org/ua-parser-js/-/ua-parser-js-0.7.17.tgz"
    },
    "ultron": {
      "version": "1.0.2",
      "from": "ultron@1.0.2",
      "resolved": "https://registry.npmjs.org/ultron/-/ultron-1.0.2.tgz"
    },
    "uncontrollable": {
      "version": "4.1.0",
      "from": "uncontrollable@4.1.0",
      "resolved": "https://registry.npmjs.org/uncontrollable/-/uncontrollable-4.1.0.tgz"
    },
    "underscore": {
      "version": "1.8.3",
      "from": "underscore@1.8.3",
      "resolved": "https://registry.npmjs.org/underscore/-/underscore-1.8.3.tgz"
    },
    "warning": {
      "version": "2.1.0",
      "from": "warning@2.1.0",
      "resolved": "https://registry.npmjs.org/warning/-/warning-2.1.0.tgz"
    },
    "whatwg-fetch": {
      "version": "2.0.3",
      "from": "whatwg-fetch@2.0.3",
      "resolved": "https://registry.npmjs.org/whatwg-fetch/-/whatwg-fetch-2.0.3.tgz"
    },
    "ws": {
      "version": "1.1.5",
      "from": "ws@1.1.5",
      "resolved": "https://registry.npmjs.org/ws/-/ws-1.1.5.tgz"
    },
    "wtf-8": {
      "version": "1.0.0",
      "from": "wtf-8@1.0.0",
      "resolved": "https://registry.npmjs.org/wtf-8/-/wtf-8-1.0.0.tgz"
    },
    "xmldom": {
      "version": "0.1.27",
      "from": "xmldom@0.1.27",
      "resolved": "https://registry.npmjs.org/xmldom/-/xmldom-0.1.27.tgz",
      "optional": true
    },
    "xmlhttprequest-ssl": {
      "version": "1.5.3",
      "from": "xmlhttprequest-ssl@1.5.3",
      "resolved": "https://registry.npmjs.org/xmlhttprequest-ssl/-/xmlhttprequest-ssl-1.5.3.tgz"
    },
    "yeast": {
      "version": "0.1.2",
      "from": "yeast@0.1.2",
      "resolved": "https://registry.npmjs.org/yeast/-/yeast-0.1.2.tgz"
    }
  }
}
